
Microsoft Visual Studio Solution File, Format Version 12.00
# Visual Studio Version 16
VisualStudioVersion = 16.0.32002.261
MinimumVisualStudioVersion = 10.0.40219.1
Project("{8BC9CEB8-8B4A-11D0-8D11-00A0C91BC942}") = "Mine", "Mine\Mine.vcxproj", "{D5CB8FF8-6AAB-46DB-86F8-5D576DBD0336}"
EndProject
Global
	GlobalSection(SolutionConfigurationPlatforms) = preSolution
		Debug|x64 = Debug|x64
		Debug|x86 = Debug|x86
		Release|x64 = Release|x64
		Release|x86 = Release|x86
	EndGlobalSection
	GlobalSection(ProjectConfigurationPlatforms) = postSolution
		{D5CB8FF8-6AAB-46DB-86F8-5D576DBD0336}.Debug|x64.ActiveCfg = Debug|x64
		{D5CB8FF8-6AAB-46DB-86F8-5D576DBD0336}.Debug|x64.Build.0 = Debug|x64
		{D5CB8FF8-6AAB-46DB-86F8-5D576DBD0336}.Debug|x86.ActiveCfg = Debug|Win32
		{D5CB8FF8-6AAB-46DB-86F8-5D576DBD0336}.Debug|x86.Build.0 = Debug|Win32
		{D5CB8FF8-6AAB-46DB-86F8-5D576DBD0336}.Release|x64.ActiveCfg = Release|x64
		{D5CB8FF8-6AAB-46DB-86F8-5D576DBD0336}.Release|x64.Build.0 = Release|x64
		{D5CB8FF8-6AAB-46DB-86F8-5D576DBD0336}.Release|x86.ActiveCfg = Release|Win32
		{D5CB8FF8-6AAB-46DB-86F8-5D576DBD0336}.Release|x86.Build.0 = Release|Win32
	EndGlobalSection
	GlobalSection(SolutionProperties) = preSolution
		HideSolutionNode = FALSE
	EndGlobalSection
	GlobalSection(ExtensibilityGlobals) = postSolution
		SolutionGuid = {5F141486-F813-4883-8F67-1F074EC1BF58}
	EndGlobalSection
EndGlobal
