
Microsoft Visual Studio Solution File, Format Version 12.00
# Visual Studio Version 16
VisualStudioVersion = 16.0.32002.261
MinimumVisualStudioVersion = 10.0.40219.1
Project("{8BC9CEB8-8B4A-11D0-8D11-00A0C91BC942}") = "Project1", "Project1\Project1.vcxproj", "{AFA897D4-4009-4F6E-905D-BF2F6E9684EB}"
EndProject
Global
	GlobalSection(SolutionConfigurationPlatforms) = preSolution
		Debug|x64 = Debug|x64
		Debug|x86 = Debug|x86
		Release|x64 = Release|x64
		Release|x86 = Release|x86
	EndGlobalSection
	GlobalSection(ProjectConfigurationPlatforms) = postSolution
		{AFA897D4-4009-4F6E-905D-BF2F6E9684EB}.Debug|x64.ActiveCfg = Debug|x64
		{AFA897D4-4009-4F6E-905D-BF2F6E9684EB}.Debug|x64.Build.0 = Debug|x64
		{AFA897D4-4009-4F6E-905D-BF2F6E9684EB}.Debug|x86.ActiveCfg = Debug|Win32
		{AFA897D4-4009-4F6E-905D-BF2F6E9684EB}.Debug|x86.Build.0 = Debug|Win32
		{AFA897D4-4009-4F6E-905D-BF2F6E9684EB}.Release|x64.ActiveCfg = Release|x64
		{AFA897D4-4009-4F6E-905D-BF2F6E9684EB}.Release|x64.Build.0 = Release|x64
		{AFA897D4-4009-4F6E-905D-BF2F6E9684EB}.Release|x86.ActiveCfg = Release|Win32
		{AFA897D4-4009-4F6E-905D-BF2F6E9684EB}.Release|x86.Build.0 = Release|Win32
	EndGlobalSection
	GlobalSection(SolutionProperties) = preSolution
		HideSolutionNode = FALSE
	EndGlobalSection
	GlobalSection(ExtensibilityGlobals) = postSolution
		SolutionGuid = {92FF844B-9FF3-48FB-96F6-69C95E6A9E80}
	EndGlobalSection
EndGlobal
