
Microsoft Visual Studio Solution File, Format Version 12.00
# Visual Studio Version 16
VisualStudioVersion = 16.0.32002.261
MinimumVisualStudioVersion = 10.0.40219.1
Project("{8BC9CEB8-8B4A-11D0-8D11-00A0C91BC942}") = "Project5", "Project5\Project5.vcxproj", "{E0A002CD-3666-495C-9B2F-6691A9712516}"
EndProject
Global
	GlobalSection(SolutionConfigurationPlatforms) = preSolution
		Debug|x64 = Debug|x64
		Debug|x86 = Debug|x86
		Release|x64 = Release|x64
		Release|x86 = Release|x86
	EndGlobalSection
	GlobalSection(ProjectConfigurationPlatforms) = postSolution
		{E0A002CD-3666-495C-9B2F-6691A9712516}.Debug|x64.ActiveCfg = Debug|x64
		{E0A002CD-3666-495C-9B2F-6691A9712516}.Debug|x64.Build.0 = Debug|x64
		{E0A002CD-3666-495C-9B2F-6691A9712516}.Debug|x86.ActiveCfg = Debug|Win32
		{E0A002CD-3666-495C-9B2F-6691A9712516}.Debug|x86.Build.0 = Debug|Win32
		{E0A002CD-3666-495C-9B2F-6691A9712516}.Release|x64.ActiveCfg = Release|x64
		{E0A002CD-3666-495C-9B2F-6691A9712516}.Release|x64.Build.0 = Release|x64
		{E0A002CD-3666-495C-9B2F-6691A9712516}.Release|x86.ActiveCfg = Release|Win32
		{E0A002CD-3666-495C-9B2F-6691A9712516}.Release|x86.Build.0 = Release|Win32
	EndGlobalSection
	GlobalSection(SolutionProperties) = preSolution
		HideSolutionNode = FALSE
	EndGlobalSection
	GlobalSection(ExtensibilityGlobals) = postSolution
		SolutionGuid = {4CAAE4FC-1617-4D96-90CA-637005185EF9}
	EndGlobalSection
EndGlobal
